// !$*UTF8*$!
{
	archiveVersion = 1;
	classes = {
	};
	objectVersion = 46;
	objects = {

/* Begin PBXBuildFile section */
		464D795F99E48221C76DDF12 /* Pods_Project_Recycle.framework in Frameworks */ = {isa = PBXBuildFile; fileRef = 87044D9206D64C395502282D /* Pods_Project_Recycle.framework */; };
		A10C309B1DF15B55006D2F9F /* GeneralRecylables.swift in Sources */ = {isa = PBXBuildFile; fileRef = A10C309A1DF15B55006D2F9F /* GeneralRecylables.swift */; };
		A13D9A341DEECBBA00313699 /* Kelvin's Storyboard.storyboard in Resources */ = {isa = PBXBuildFile; fileRef = A13D9A331DEECBBA00313699 /* Kelvin's Storyboard.storyboard */; };
		A13D9A361DEECBEB00313699 /* RecycleGeneralViewController.swift in Sources */ = {isa = PBXBuildFile; fileRef = A13D9A351DEECBEB00313699 /* RecycleGeneralViewController.swift */; };
		A14586B61DF11ACD00CAB9F0 /* UIExtensions.swift in Sources */ = {isa = PBXBuildFile; fileRef = A14586B51DF11ACD00CAB9F0 /* UIExtensions.swift */; };
		A14586B81DF11AD700CAB9F0 /* AlternativeAddressViewController.swift in Sources */ = {isa = PBXBuildFile; fileRef = A14586B71DF11AD700CAB9F0 /* AlternativeAddressViewController.swift */; };
		A14586BA1DF11F5600CAB9F0 /* PickupAddressViewController.swift in Sources */ = {isa = PBXBuildFile; fileRef = A14586B91DF11F5600CAB9F0 /* PickupAddressViewController.swift */; };
		A14586BC1DF1272F00CAB9F0 /* PickupAddressTableViewCell.swift in Sources */ = {isa = PBXBuildFile; fileRef = A14586BB1DF1272F00CAB9F0 /* PickupAddressTableViewCell.swift */; };
		A14DF71D1DF6A47900876D30 /* CategoriesChosen.swift in Sources */ = {isa = PBXBuildFile; fileRef = A14DF71C1DF6A47800876D30 /* CategoriesChosen.swift */; };
		A190FDE31DF93AAC00AB0A3A /* loginBackground.gif in Resources */ = {isa = PBXBuildFile; fileRef = A190FDE21DF93AAC00AB0A3A /* loginBackground.gif */; };
		A1FCDF621DF7C67B00ABFE5A /* NewAddresses.swift in Sources */ = {isa = PBXBuildFile; fileRef = A1FCDF611DF7C67B00ABFE5A /* NewAddresses.swift */; };
		AF3706351DED197900BF953F /* DriverStoryboard.storyboard in Resources */ = {isa = PBXBuildFile; fileRef = AF3706341DED197900BF953F /* DriverStoryboard.storyboard */; };
		AF3706371DED1A0700BF953F /* DriverViewController.swift in Sources */ = {isa = PBXBuildFile; fileRef = AF3706361DED1A0700BF953F /* DriverViewController.swift */; };
		AF3706391DED2CBE00BF953F /* Driver.swift in Sources */ = {isa = PBXBuildFile; fileRef = AF3706381DED2CBE00BF953F /* Driver.swift */; };
		AF3DF0321DEEA9D2006A399C /* Profile.storyboard in Resources */ = {isa = PBXBuildFile; fileRef = AF3DF0311DEEA9D2006A399C /* Profile.storyboard */; };
		AF3DF0341DEEAA1B006A399C /* ProfileViewController.swift in Sources */ = {isa = PBXBuildFile; fileRef = AF3DF0331DEEAA1B006A399C /* ProfileViewController.swift */; };
		AF62D9581DF52963003F0B12 /* ProfileImageLibraryViewController.swift in Sources */ = {isa = PBXBuildFile; fileRef = AF62D9571DF52963003F0B12 /* ProfileImageLibraryViewController.swift */; };
		AFB177E11DEFCED900AB54F9 /* User.swift in Sources */ = {isa = PBXBuildFile; fileRef = AFB177E01DEFCED900AB54F9 /* User.swift */; };
		EB1831701DF690EE0070C128 /* IconCollectionViewCell.swift in Sources */ = {isa = PBXBuildFile; fileRef = EB18316F1DF690EE0070C128 /* IconCollectionViewCell.swift */; };
		EB1831721DF7C2AC0070C128 /* OrderProcessorSubmissionViewController.swift in Sources */ = {isa = PBXBuildFile; fileRef = EB1831711DF7C2AC0070C128 /* OrderProcessorSubmissionViewController.swift */; };
		EB1831741DF7C6500070C128 /* DriverTableViewCell.swift in Sources */ = {isa = PBXBuildFile; fileRef = EB1831731DF7C6500070C128 /* DriverTableViewCell.swift */; };
		EB21B7191DF151DF00F65ECD /* CurrentRecycleOrder.swift in Sources */ = {isa = PBXBuildFile; fileRef = EB21B7181DF151DF00F65ECD /* CurrentRecycleOrder.swift */; };
		EB21B71B1DF151EA00F65ECD /* CompletedRecycleOrder.swift in Sources */ = {isa = PBXBuildFile; fileRef = EB21B71A1DF151EA00F65ECD /* CompletedRecycleOrder.swift */; };
		EB38B6431DED926A00568333 /* NavigationMenuCollectionViewCell.swift in Sources */ = {isa = PBXBuildFile; fileRef = EB38B6421DED926A00568333 /* NavigationMenuCollectionViewCell.swift */; };
		EB6267611DEBD0D500CC2C37 /* AppDelegate.swift in Sources */ = {isa = PBXBuildFile; fileRef = EB6267601DEBD0D500CC2C37 /* AppDelegate.swift */; };
		EB6267661DEBD0D600CC2C37 /* Home.storyboard in Resources */ = {isa = PBXBuildFile; fileRef = EB6267641DEBD0D600CC2C37 /* Home.storyboard */; };
		EB6267681DEBD0D600CC2C37 /* Assets.xcassets in Resources */ = {isa = PBXBuildFile; fileRef = EB6267671DEBD0D600CC2C37 /* Assets.xcassets */; };
		EB62676B1DEBD0D600CC2C37 /* LaunchScreen.storyboard in Resources */ = {isa = PBXBuildFile; fileRef = EB6267691DEBD0D600CC2C37 /* LaunchScreen.storyboard */; };
		EB6267731DEBD12400CC2C37 /* LoginViewController.swift in Sources */ = {isa = PBXBuildFile; fileRef = EB6267721DEBD12400CC2C37 /* LoginViewController.swift */; };
		EB6267751DEBD13000CC2C37 /* SignupViewController.swift in Sources */ = {isa = PBXBuildFile; fileRef = EB6267741DEBD13000CC2C37 /* SignupViewController.swift */; };
		EB62677F1DEC1EFB00CC2C37 /* GoogleService-Info.plist in Resources */ = {isa = PBXBuildFile; fileRef = EB62677E1DEC1EFB00CC2C37 /* GoogleService-Info.plist */; };
		EB6267811DEC28CB00CC2C37 /* LoginSignup.storyboard in Resources */ = {isa = PBXBuildFile; fileRef = EB6267801DEC28CB00CC2C37 /* LoginSignup.storyboard */; };
		EB6267831DEC3A6C00CC2C37 /* MenuProfileTableViewCell.swift in Sources */ = {isa = PBXBuildFile; fileRef = EB6267821DEC3A6C00CC2C37 /* MenuProfileTableViewCell.swift */; };
		EB6267851DEC3A7700CC2C37 /* MenuItemTableViewCell.swift in Sources */ = {isa = PBXBuildFile; fileRef = EB6267841DEC3A7700CC2C37 /* MenuItemTableViewCell.swift */; };
		EB6267871DED36B300CC2C37 /* MenuPanelItem.swift in Sources */ = {isa = PBXBuildFile; fileRef = EB6267861DED36B300CC2C37 /* MenuPanelItem.swift */; };
		EB6267891DED392C00CC2C37 /* Downloader.swift in Sources */ = {isa = PBXBuildFile; fileRef = EB6267881DED392C00CC2C37 /* Downloader.swift */; };
		EB8068571DEFC75E003FCB9B /* OrderHistoryViewController.swift in Sources */ = {isa = PBXBuildFile; fileRef = EB8068561DEFC75E003FCB9B /* OrderHistoryViewController.swift */; };
		EB80685B1DEFC7D0003FCB9B /* CurrentOrdersViewController.swift in Sources */ = {isa = PBXBuildFile; fileRef = EB80685A1DEFC7D0003FCB9B /* CurrentOrdersViewController.swift */; };
		EB80685D1DEFD816003FCB9B /* RecycleOrder.swift in Sources */ = {isa = PBXBuildFile; fileRef = EB80685C1DEFD816003FCB9B /* RecycleOrder.swift */; };
		EB80685F1DEFDD36003FCB9B /* CurrentOrderProcessedTableViewCell.swift in Sources */ = {isa = PBXBuildFile; fileRef = EB80685E1DEFDD36003FCB9B /* CurrentOrderProcessedTableViewCell.swift */; };
		EB8068611DEFDD43003FCB9B /* CurrentOrderProcessingTableViewCell.swift in Sources */ = {isa = PBXBuildFile; fileRef = EB8068601DEFDD43003FCB9B /* CurrentOrderProcessingTableViewCell.swift */; };
		EB8068631DEFDD52003FCB9B /* CompletedOrderTableViewCell.swift in Sources */ = {isa = PBXBuildFile; fileRef = EB8068621DEFDD51003FCB9B /* CompletedOrderTableViewCell.swift */; };
		EBA7EE571DF6678A00515EE1 /* OrderProcessorViewController.swift in Sources */ = {isa = PBXBuildFile; fileRef = EBA7EE561DF6678A00515EE1 /* OrderProcessorViewController.swift */; };
		EBA7EE591DF66A8200515EE1 /* ProcessorTableViewCell.swift in Sources */ = {isa = PBXBuildFile; fileRef = EBA7EE581DF66A8200515EE1 /* ProcessorTableViewCell.swift */; };
		EBE2BA461DF1934C007C4766 /* HomeViewController.swift in Sources */ = {isa = PBXBuildFile; fileRef = EB6267781DEBD7C800CC2C37 /* HomeViewController.swift */; };
		EBE2BA4A1DF1A948007C4766 /* MainRecycleViewController.swift in Sources */ = {isa = PBXBuildFile; fileRef = EBE2BA491DF1A948007C4766 /* MainRecycleViewController.swift */; };
		EBE2BA4D1DF1B10A007C4766 /* HomeTabBarViewController.swift in Sources */ = {isa = PBXBuildFile; fileRef = EBE2BA4C1DF1B10A007C4766 /* HomeTabBarViewController.swift */; };
/* End PBXBuildFile section */

/* Begin PBXFileReference section */
		136394DC7A6BD0E1C087E6CB /* Pods-Project Recycle.release.xcconfig */ = {isa = PBXFileReference; includeInIndex = 1; lastKnownFileType = text.xcconfig; name = "Pods-Project Recycle.release.xcconfig"; path = "Pods/Target Support Files/Pods-Project Recycle/Pods-Project Recycle.release.xcconfig"; sourceTree = "<group>"; };
		87044D9206D64C395502282D /* Pods_Project_Recycle.framework */ = {isa = PBXFileReference; explicitFileType = wrapper.framework; includeInIndex = 0; path = Pods_Project_Recycle.framework; sourceTree = BUILT_PRODUCTS_DIR; };
		A10C309A1DF15B55006D2F9F /* GeneralRecylables.swift */ = {isa = PBXFileReference; fileEncoding = 4; lastKnownFileType = sourcecode.swift; path = GeneralRecylables.swift; sourceTree = "<group>"; };
		A13D9A331DEECBBA00313699 /* Kelvin's Storyboard.storyboard */ = {isa = PBXFileReference; fileEncoding = 4; lastKnownFileType = file.storyboard; path = "Kelvin's Storyboard.storyboard"; sourceTree = "<group>"; };
		A13D9A351DEECBEB00313699 /* RecycleGeneralViewController.swift */ = {isa = PBXFileReference; fileEncoding = 4; lastKnownFileType = sourcecode.swift; path = RecycleGeneralViewController.swift; sourceTree = "<group>"; };
		A14586B51DF11ACD00CAB9F0 /* UIExtensions.swift */ = {isa = PBXFileReference; fileEncoding = 4; lastKnownFileType = sourcecode.swift; path = UIExtensions.swift; sourceTree = "<group>"; };
		A14586B71DF11AD700CAB9F0 /* AlternativeAddressViewController.swift */ = {isa = PBXFileReference; fileEncoding = 4; lastKnownFileType = sourcecode.swift; path = AlternativeAddressViewController.swift; sourceTree = "<group>"; };
		A14586B91DF11F5600CAB9F0 /* PickupAddressViewController.swift */ = {isa = PBXFileReference; fileEncoding = 4; lastKnownFileType = sourcecode.swift; path = PickupAddressViewController.swift; sourceTree = "<group>"; };
		A14586BB1DF1272F00CAB9F0 /* PickupAddressTableViewCell.swift */ = {isa = PBXFileReference; fileEncoding = 4; lastKnownFileType = sourcecode.swift; path = PickupAddressTableViewCell.swift; sourceTree = "<group>"; };
		A14DF71C1DF6A47800876D30 /* CategoriesChosen.swift */ = {isa = PBXFileReference; fileEncoding = 4; lastKnownFileType = sourcecode.swift; path = CategoriesChosen.swift; sourceTree = "<group>"; };
		A190FDE21DF93AAC00AB0A3A /* loginBackground.gif */ = {isa = PBXFileReference; lastKnownFileType = image.gif; name = loginBackground.gif; path = ../../loginBackground.gif; sourceTree = "<group>"; };
		A1FCDF611DF7C67B00ABFE5A /* NewAddresses.swift */ = {isa = PBXFileReference; fileEncoding = 4; lastKnownFileType = sourcecode.swift; path = NewAddresses.swift; sourceTree = "<group>"; };
		AF3706341DED197900BF953F /* DriverStoryboard.storyboard */ = {isa = PBXFileReference; fileEncoding = 4; lastKnownFileType = file.storyboard; path = DriverStoryboard.storyboard; sourceTree = "<group>"; };
		AF3706361DED1A0700BF953F /* DriverViewController.swift */ = {isa = PBXFileReference; fileEncoding = 4; lastKnownFileType = sourcecode.swift; path = DriverViewController.swift; sourceTree = "<group>"; };
		AF3706381DED2CBE00BF953F /* Driver.swift */ = {isa = PBXFileReference; fileEncoding = 4; lastKnownFileType = sourcecode.swift; path = Driver.swift; sourceTree = "<group>"; };
		AF3DF0311DEEA9D2006A399C /* Profile.storyboard */ = {isa = PBXFileReference; fileEncoding = 4; lastKnownFileType = file.storyboard; path = Profile.storyboard; sourceTree = "<group>"; };
		AF3DF0331DEEAA1B006A399C /* ProfileViewController.swift */ = {isa = PBXFileReference; fileEncoding = 4; lastKnownFileType = sourcecode.swift; path = ProfileViewController.swift; sourceTree = "<group>"; };
		AF62D9571DF52963003F0B12 /* ProfileImageLibraryViewController.swift */ = {isa = PBXFileReference; fileEncoding = 4; lastKnownFileType = sourcecode.swift; path = ProfileImageLibraryViewController.swift; sourceTree = "<group>"; };
		AFB177E01DEFCED900AB54F9 /* User.swift */ = {isa = PBXFileReference; fileEncoding = 4; lastKnownFileType = sourcecode.swift; path = User.swift; sourceTree = "<group>"; };
		C259F24EA06BF4DD31BDF919 /* Pods-Project Recycle.debug.xcconfig */ = {isa = PBXFileReference; includeInIndex = 1; lastKnownFileType = text.xcconfig; name = "Pods-Project Recycle.debug.xcconfig"; path = "Pods/Target Support Files/Pods-Project Recycle/Pods-Project Recycle.debug.xcconfig"; sourceTree = "<group>"; };
		EB18316F1DF690EE0070C128 /* IconCollectionViewCell.swift */ = {isa = PBXFileReference; fileEncoding = 4; lastKnownFileType = sourcecode.swift; path = IconCollectionViewCell.swift; sourceTree = "<group>"; };
		EB1831711DF7C2AC0070C128 /* OrderProcessorSubmissionViewController.swift */ = {isa = PBXFileReference; fileEncoding = 4; lastKnownFileType = sourcecode.swift; path = OrderProcessorSubmissionViewController.swift; sourceTree = "<group>"; };
		EB1831731DF7C6500070C128 /* DriverTableViewCell.swift */ = {isa = PBXFileReference; fileEncoding = 4; lastKnownFileType = sourcecode.swift; path = DriverTableViewCell.swift; sourceTree = "<group>"; };
		EB21B7181DF151DF00F65ECD /* CurrentRecycleOrder.swift */ = {isa = PBXFileReference; fileEncoding = 4; lastKnownFileType = sourcecode.swift; path = CurrentRecycleOrder.swift; sourceTree = "<group>"; };
		EB21B71A1DF151EA00F65ECD /* CompletedRecycleOrder.swift */ = {isa = PBXFileReference; fileEncoding = 4; lastKnownFileType = sourcecode.swift; path = CompletedRecycleOrder.swift; sourceTree = "<group>"; };
		EB38B6421DED926A00568333 /* NavigationMenuCollectionViewCell.swift */ = {isa = PBXFileReference; fileEncoding = 4; lastKnownFileType = sourcecode.swift; path = NavigationMenuCollectionViewCell.swift; sourceTree = "<group>"; };
		EB62675D1DEBD0D500CC2C37 /* Project Recycle.app */ = {isa = PBXFileReference; explicitFileType = wrapper.application; includeInIndex = 0; path = "Project Recycle.app"; sourceTree = BUILT_PRODUCTS_DIR; };
		EB6267601DEBD0D500CC2C37 /* AppDelegate.swift */ = {isa = PBXFileReference; lastKnownFileType = sourcecode.swift; path = AppDelegate.swift; sourceTree = "<group>"; };
		EB6267651DEBD0D600CC2C37 /* Base */ = {isa = PBXFileReference; lastKnownFileType = file.storyboard; name = Base; path = Base.lproj/Home.storyboard; sourceTree = "<group>"; };
		EB6267671DEBD0D600CC2C37 /* Assets.xcassets */ = {isa = PBXFileReference; lastKnownFileType = folder.assetcatalog; path = Assets.xcassets; sourceTree = "<group>"; };
		EB62676A1DEBD0D600CC2C37 /* Base */ = {isa = PBXFileReference; lastKnownFileType = file.storyboard; name = Base; path = Base.lproj/LaunchScreen.storyboard; sourceTree = "<group>"; };
		EB62676C1DEBD0D600CC2C37 /* Info.plist */ = {isa = PBXFileReference; lastKnownFileType = text.plist.xml; path = Info.plist; sourceTree = "<group>"; };
		EB6267721DEBD12400CC2C37 /* LoginViewController.swift */ = {isa = PBXFileReference; fileEncoding = 4; lastKnownFileType = sourcecode.swift; path = LoginViewController.swift; sourceTree = "<group>"; };
		EB6267741DEBD13000CC2C37 /* SignupViewController.swift */ = {isa = PBXFileReference; fileEncoding = 4; lastKnownFileType = sourcecode.swift; path = SignupViewController.swift; sourceTree = "<group>"; };
		EB6267781DEBD7C800CC2C37 /* HomeViewController.swift */ = {isa = PBXFileReference; fileEncoding = 4; lastKnownFileType = sourcecode.swift; path = HomeViewController.swift; sourceTree = "<group>"; };
		EB62677E1DEC1EFB00CC2C37 /* GoogleService-Info.plist */ = {isa = PBXFileReference; fileEncoding = 4; lastKnownFileType = text.plist.xml; path = "GoogleService-Info.plist"; sourceTree = "<group>"; };
		EB6267801DEC28CB00CC2C37 /* LoginSignup.storyboard */ = {isa = PBXFileReference; fileEncoding = 4; lastKnownFileType = file.storyboard; path = LoginSignup.storyboard; sourceTree = "<group>"; };
		EB6267821DEC3A6C00CC2C37 /* MenuProfileTableViewCell.swift */ = {isa = PBXFileReference; fileEncoding = 4; lastKnownFileType = sourcecode.swift; path = MenuProfileTableViewCell.swift; sourceTree = "<group>"; };
		EB6267841DEC3A7700CC2C37 /* MenuItemTableViewCell.swift */ = {isa = PBXFileReference; fileEncoding = 4; lastKnownFileType = sourcecode.swift; path = MenuItemTableViewCell.swift; sourceTree = "<group>"; };
		EB6267861DED36B300CC2C37 /* MenuPanelItem.swift */ = {isa = PBXFileReference; fileEncoding = 4; lastKnownFileType = sourcecode.swift; path = MenuPanelItem.swift; sourceTree = "<group>"; };
		EB6267881DED392C00CC2C37 /* Downloader.swift */ = {isa = PBXFileReference; fileEncoding = 4; lastKnownFileType = sourcecode.swift; path = Downloader.swift; sourceTree = "<group>"; };
		EB8068561DEFC75E003FCB9B /* OrderHistoryViewController.swift */ = {isa = PBXFileReference; fileEncoding = 4; lastKnownFileType = sourcecode.swift; path = OrderHistoryViewController.swift; sourceTree = "<group>"; };
		EB80685A1DEFC7D0003FCB9B /* CurrentOrdersViewController.swift */ = {isa = PBXFileReference; fileEncoding = 4; lastKnownFileType = sourcecode.swift; path = CurrentOrdersViewController.swift; sourceTree = "<group>"; };
		EB80685C1DEFD816003FCB9B /* RecycleOrder.swift */ = {isa = PBXFileReference; fileEncoding = 4; lastKnownFileType = sourcecode.swift; path = RecycleOrder.swift; sourceTree = "<group>"; };
		EB80685E1DEFDD36003FCB9B /* CurrentOrderProcessedTableViewCell.swift */ = {isa = PBXFileReference; fileEncoding = 4; lastKnownFileType = sourcecode.swift; path = CurrentOrderProcessedTableViewCell.swift; sourceTree = "<group>"; };
		EB8068601DEFDD43003FCB9B /* CurrentOrderProcessingTableViewCell.swift */ = {isa = PBXFileReference; fileEncoding = 4; lastKnownFileType = sourcecode.swift; path = CurrentOrderProcessingTableViewCell.swift; sourceTree = "<group>"; };
		EB8068621DEFDD51003FCB9B /* CompletedOrderTableViewCell.swift */ = {isa = PBXFileReference; fileEncoding = 4; lastKnownFileType = sourcecode.swift; path = CompletedOrderTableViewCell.swift; sourceTree = "<group>"; };
		EBA7EE561DF6678A00515EE1 /* OrderProcessorViewController.swift */ = {isa = PBXFileReference; fileEncoding = 4; lastKnownFileType = sourcecode.swift; path = OrderProcessorViewController.swift; sourceTree = "<group>"; };
		EBA7EE581DF66A8200515EE1 /* ProcessorTableViewCell.swift */ = {isa = PBXFileReference; fileEncoding = 4; lastKnownFileType = sourcecode.swift; path = ProcessorTableViewCell.swift; sourceTree = "<group>"; };
		EBE2BA491DF1A948007C4766 /* MainRecycleViewController.swift */ = {isa = PBXFileReference; fileEncoding = 4; lastKnownFileType = sourcecode.swift; path = MainRecycleViewController.swift; sourceTree = "<group>"; };
		EBE2BA4C1DF1B10A007C4766 /* HomeTabBarViewController.swift */ = {isa = PBXFileReference; fileEncoding = 4; lastKnownFileType = sourcecode.swift; path = HomeTabBarViewController.swift; sourceTree = "<group>"; };
/* End PBXFileReference section */

/* Begin PBXFrameworksBuildPhase section */
		EB62675A1DEBD0D500CC2C37 /* Frameworks */ = {
			isa = PBXFrameworksBuildPhase;
			buildActionMask = 2147483647;
			files = (
				464D795F99E48221C76DDF12 /* Pods_Project_Recycle.framework in Frameworks */,
			);
			runOnlyForDeploymentPostprocessing = 0;
		};
/* End PBXFrameworksBuildPhase section */

/* Begin PBXGroup section */
		8EDCF6FCDC864967D930BC84 /* Pods */ = {
			isa = PBXGroup;
			children = (
				C259F24EA06BF4DD31BDF919 /* Pods-Project Recycle.debug.xcconfig */,
				136394DC7A6BD0E1C087E6CB /* Pods-Project Recycle.release.xcconfig */,
			);
			name = Pods;
			sourceTree = "<group>";
		};
		A13D9A321DEECB9D00313699 /* Storyboards */ = {
			isa = PBXGroup;
			children = (
				A13D9A331DEECBBA00313699 /* Kelvin's Storyboard.storyboard */,
				AF3DF0311DEEA9D2006A399C /* Profile.storyboard */,
				AF3706341DED197900BF953F /* DriverStoryboard.storyboard */,
				EB6267641DEBD0D600CC2C37 /* Home.storyboard */,
				EB6267801DEC28CB00CC2C37 /* LoginSignup.storyboard */,
				EB6267691DEBD0D600CC2C37 /* LaunchScreen.storyboard */,
			);
			name = Storyboards;
			sourceTree = "<group>";
		};
		A1D279F91DF825960023EBBE /* Gifs */ = {
			isa = PBXGroup;
			children = (
				A190FDE21DF93AAC00AB0A3A /* loginBackground.gif */,
			);
			name = Gifs;
			sourceTree = "<group>";
		};
		EB6267541DEBD0D500CC2C37 = {
			isa = PBXGroup;
			children = (
				EB62675F1DEBD0D500CC2C37 /* Project Recycle */,
				EB62675E1DEBD0D500CC2C37 /* Products */,
				8EDCF6FCDC864967D930BC84 /* Pods */,
				ED73DB31C33E15CEA6443F3E /* Frameworks */,
			);
			sourceTree = "<group>";
		};
		EB62675E1DEBD0D500CC2C37 /* Products */ = {
			isa = PBXGroup;
			children = (
				EB62675D1DEBD0D500CC2C37 /* Project Recycle.app */,
			);
			name = Products;
			sourceTree = "<group>";
		};
		EB62675F1DEBD0D500CC2C37 /* Project Recycle */ = {
			isa = PBXGroup;
			children = (
				A1D279F91DF825960023EBBE /* Gifs */,
				EB8068891DF113A8003FCB9B /* Property Lists */,
				EB8068881DF11392003FCB9B /* Helpers */,
				EB8068871DF11376003FCB9B /* Models */,
				EB8068861DF1133C003FCB9B /* Controllers */,
				A13D9A321DEECB9D00313699 /* Storyboards */,
				EB6267601DEBD0D500CC2C37 /* AppDelegate.swift */,
				EB6267671DEBD0D600CC2C37 /* Assets.xcassets */,
			);
			path = "Project Recycle";
			sourceTree = "<group>";
		};
		EB8068861DF1133C003FCB9B /* Controllers */ = {
			isa = PBXGroup;
			children = (
				A14586B71DF11AD700CAB9F0 /* AlternativeAddressViewController.swift */,
				AF3DF0331DEEAA1B006A399C /* ProfileViewController.swift */,
				AF3706361DED1A0700BF953F /* DriverViewController.swift */,
				EB6267781DEBD7C800CC2C37 /* HomeViewController.swift */,
				EB6267721DEBD12400CC2C37 /* LoginViewController.swift */,
				EB6267741DEBD13000CC2C37 /* SignupViewController.swift */,
				EB8068561DEFC75E003FCB9B /* OrderHistoryViewController.swift */,
				A13D9A351DEECBEB00313699 /* RecycleGeneralViewController.swift */,
				A14586B91DF11F5600CAB9F0 /* PickupAddressViewController.swift */,
				EBE2BA491DF1A948007C4766 /* MainRecycleViewController.swift */,
				EBE2BA4C1DF1B10A007C4766 /* HomeTabBarViewController.swift */,
				AF62D9571DF52963003F0B12 /* ProfileImageLibraryViewController.swift */,
				EB80685A1DEFC7D0003FCB9B /* CurrentOrdersViewController.swift */,
				EBA7EE561DF6678A00515EE1 /* OrderProcessorViewController.swift */,
				EB1831711DF7C2AC0070C128 /* OrderProcessorSubmissionViewController.swift */,
			);
			name = Controllers;
			sourceTree = "<group>";
		};
		EB8068871DF11376003FCB9B /* Models */ = {
			isa = PBXGroup;
			children = (
				AF3706381DED2CBE00BF953F /* Driver.swift */,
				EB6267861DED36B300CC2C37 /* MenuPanelItem.swift */,
				A10C309A1DF15B55006D2F9F /* GeneralRecylables.swift */,
				EB21B7181DF151DF00F65ECD /* CurrentRecycleOrder.swift */,
				EB21B71A1DF151EA00F65ECD /* CompletedRecycleOrder.swift */,
				EB80685C1DEFD816003FCB9B /* RecycleOrder.swift */,
				AFB177E01DEFCED900AB54F9 /* User.swift */,
				A14DF71C1DF6A47800876D30 /* CategoriesChosen.swift */,
				A1FCDF611DF7C67B00ABFE5A /* NewAddresses.swift */,
			);
			name = Models;
			sourceTree = "<group>";
		};
		EB8068881DF11392003FCB9B /* Helpers */ = {
			isa = PBXGroup;
			children = (
				EB6267821DEC3A6C00CC2C37 /* MenuProfileTableViewCell.swift */,
				EB6267841DEC3A7700CC2C37 /* MenuItemTableViewCell.swift */,
				EB6267881DED392C00CC2C37 /* Downloader.swift */,
				EB38B6421DED926A00568333 /* NavigationMenuCollectionViewCell.swift */,
				EB80685E1DEFDD36003FCB9B /* CurrentOrderProcessedTableViewCell.swift */,
				EB8068601DEFDD43003FCB9B /* CurrentOrderProcessingTableViewCell.swift */,
				EB8068621DEFDD51003FCB9B /* CompletedOrderTableViewCell.swift */,
				A14586B51DF11ACD00CAB9F0 /* UIExtensions.swift */,
				A14586BB1DF1272F00CAB9F0 /* PickupAddressTableViewCell.swift */,
				EBA7EE581DF66A8200515EE1 /* ProcessorTableViewCell.swift */,
				EB18316F1DF690EE0070C128 /* IconCollectionViewCell.swift */,
				EB1831731DF7C6500070C128 /* DriverTableViewCell.swift */,
			);
			name = Helpers;
			sourceTree = "<group>";
		};
		EB8068891DF113A8003FCB9B /* Property Lists */ = {
			isa = PBXGroup;
			children = (
				EB62677E1DEC1EFB00CC2C37 /* GoogleService-Info.plist */,
				EB62676C1DEBD0D600CC2C37 /* Info.plist */,
			);
			name = "Property Lists";
			sourceTree = "<group>";
		};
		ED73DB31C33E15CEA6443F3E /* Frameworks */ = {
			isa = PBXGroup;
			children = (
				87044D9206D64C395502282D /* Pods_Project_Recycle.framework */,
			);
			name = Frameworks;
			sourceTree = "<group>";
		};
/* End PBXGroup section */

/* Begin PBXNativeTarget section */
		EB62675C1DEBD0D500CC2C37 /* Project Recycle */ = {
			isa = PBXNativeTarget;
			buildConfigurationList = EB62676F1DEBD0D600CC2C37 /* Build configuration list for PBXNativeTarget "Project Recycle" */;
			buildPhases = (
				03AAD5D84B3BCBEEC66D487E /* [CP] Check Pods Manifest.lock */,
				EB6267591DEBD0D500CC2C37 /* Sources */,
				EB62675A1DEBD0D500CC2C37 /* Frameworks */,
				EB62675B1DEBD0D500CC2C37 /* Resources */,
				F1017CD40BAC05D81E3FB0B0 /* [CP] Embed Pods Frameworks */,
				09B914F88D83D6EE893046E3 /* [CP] Copy Pods Resources */,
			);
			buildRules = (
			);
			dependencies = (
			);
			name = "Project Recycle";
			productName = "Project Recycle";
			productReference = EB62675D1DEBD0D500CC2C37 /* Project Recycle.app */;
			productType = "com.apple.product-type.application";
		};
/* End PBXNativeTarget section */

/* Begin PBXProject section */
		EB6267551DEBD0D500CC2C37 /* Project object */ = {
			isa = PBXProject;
			attributes = {
				LastSwiftUpdateCheck = 0810;
				LastUpgradeCheck = 0810;
				ORGANIZATIONNAME = "Lee Yik Sheng";
				TargetAttributes = {
					EB62675C1DEBD0D500CC2C37 = {
						CreatedOnToolsVersion = 8.1;
						ProvisioningStyle = Automatic;
					};
				};
			};
			buildConfigurationList = EB6267581DEBD0D500CC2C37 /* Build configuration list for PBXProject "Project Recycle" */;
			compatibilityVersion = "Xcode 3.2";
			developmentRegion = English;
			hasScannedForEncodings = 0;
			knownRegions = (
				en,
				Base,
			);
			mainGroup = EB6267541DEBD0D500CC2C37;
			productRefGroup = EB62675E1DEBD0D500CC2C37 /* Products */;
			projectDirPath = "";
			projectRoot = "";
			targets = (
				EB62675C1DEBD0D500CC2C37 /* Project Recycle */,
			);
		};
/* End PBXProject section */

/* Begin PBXResourcesBuildPhase section */
		EB62675B1DEBD0D500CC2C37 /* Resources */ = {
			isa = PBXResourcesBuildPhase;
			buildActionMask = 2147483647;
			files = (
				EB6267811DEC28CB00CC2C37 /* LoginSignup.storyboard in Resources */,
				EB62676B1DEBD0D600CC2C37 /* LaunchScreen.storyboard in Resources */,
				EB6267681DEBD0D600CC2C37 /* Assets.xcassets in Resources */,
				A13D9A341DEECBBA00313699 /* Kelvin's Storyboard.storyboard in Resources */,
				EB62677F1DEC1EFB00CC2C37 /* GoogleService-Info.plist in Resources */,
				EB6267661DEBD0D600CC2C37 /* Home.storyboard in Resources */,
				AF3DF0321DEEA9D2006A399C /* Profile.storyboard in Resources */,
				A190FDE31DF93AAC00AB0A3A /* loginBackground.gif in Resources */,
				AF3706351DED197900BF953F /* DriverStoryboard.storyboard in Resources */,
			);
			runOnlyForDeploymentPostprocessing = 0;
		};
/* End PBXResourcesBuildPhase section */

/* Begin PBXShellScriptBuildPhase section */
		03AAD5D84B3BCBEEC66D487E /* [CP] Check Pods Manifest.lock */ = {
			isa = PBXShellScriptBuildPhase;
			buildActionMask = 2147483647;
			files = (
			);
			inputPaths = (
			);
			name = "[CP] Check Pods Manifest.lock";
			outputPaths = (
			);
			runOnlyForDeploymentPostprocessing = 0;
			shellPath = /bin/sh;
			shellScript = "diff \"${PODS_ROOT}/../Podfile.lock\" \"${PODS_ROOT}/Manifest.lock\" > /dev/null\nif [ $? != 0 ] ; then\n    # print error to STDERR\n    echo \"error: The sandbox is not in sync with the Podfile.lock. Run 'pod install' or update your CocoaPods installation.\" >&2\n    exit 1\nfi\n";
			showEnvVarsInLog = 0;
		};
		09B914F88D83D6EE893046E3 /* [CP] Copy Pods Resources */ = {
			isa = PBXShellScriptBuildPhase;
			buildActionMask = 2147483647;
			files = (
			);
			inputPaths = (
			);
			name = "[CP] Copy Pods Resources";
			outputPaths = (
			);
			runOnlyForDeploymentPostprocessing = 0;
			shellPath = /bin/sh;
			shellScript = "\"${SRCROOT}/Pods/Target Support Files/Pods-Project Recycle/Pods-Project Recycle-resources.sh\"\n";
			showEnvVarsInLog = 0;
		};
		F1017CD40BAC05D81E3FB0B0 /* [CP] Embed Pods Frameworks */ = {
			isa = PBXShellScriptBuildPhase;
			buildActionMask = 2147483647;
			files = (
			);
			inputPaths = (
			);
			name = "[CP] Embed Pods Frameworks";
			outputPaths = (
			);
			runOnlyForDeploymentPostprocessing = 0;
			shellPath = /bin/sh;
			shellScript = "\"${SRCROOT}/Pods/Target Support Files/Pods-Project Recycle/Pods-Project Recycle-frameworks.sh\"\n";
			showEnvVarsInLog = 0;
		};
/* End PBXShellScriptBuildPhase section */

/* Begin PBXSourcesBuildPhase section */
		EB6267591DEBD0D500CC2C37 /* Sources */ = {
			isa = PBXSourcesBuildPhase;
			buildActionMask = 2147483647;
			files = (
				EB1831741DF7C6500070C128 /* DriverTableViewCell.swift in Sources */,
				AF62D9581DF52963003F0B12 /* ProfileImageLibraryViewController.swift in Sources */,
				EBE2BA4D1DF1B10A007C4766 /* HomeTabBarViewController.swift in Sources */,
				EB8068571DEFC75E003FCB9B /* OrderHistoryViewController.swift in Sources */,
				EB38B6431DED926A00568333 /* NavigationMenuCollectionViewCell.swift in Sources */,
				EB6267891DED392C00CC2C37 /* Downloader.swift in Sources */,
				EB6267871DED36B300CC2C37 /* MenuPanelItem.swift in Sources */,
				EBA7EE571DF6678A00515EE1 /* OrderProcessorViewController.swift in Sources */,
				A14586B61DF11ACD00CAB9F0 /* UIExtensions.swift in Sources */,
				A14586BC1DF1272F00CAB9F0 /* PickupAddressTableViewCell.swift in Sources */,
				A14586BA1DF11F5600CAB9F0 /* PickupAddressViewController.swift in Sources */,
				AFB177E11DEFCED900AB54F9 /* User.swift in Sources */,
				EB21B71B1DF151EA00F65ECD /* CompletedRecycleOrder.swift in Sources */,
				EBE2BA4A1DF1A948007C4766 /* MainRecycleViewController.swift in Sources */,
				EB6267831DEC3A6C00CC2C37 /* MenuProfileTableViewCell.swift in Sources */,
				EB6267731DEBD12400CC2C37 /* LoginViewController.swift in Sources */,
				AF3706391DED2CBE00BF953F /* Driver.swift in Sources */,
				EB6267851DEC3A7700CC2C37 /* MenuItemTableViewCell.swift in Sources */,
				EB8068631DEFDD52003FCB9B /* CompletedOrderTableViewCell.swift in Sources */,
				EB8068611DEFDD43003FCB9B /* CurrentOrderProcessingTableViewCell.swift in Sources */,
				A1FCDF621DF7C67B00ABFE5A /* NewAddresses.swift in Sources */,
				EB80685D1DEFD816003FCB9B /* RecycleOrder.swift in Sources */,
				A13D9A361DEECBEB00313699 /* RecycleGeneralViewController.swift in Sources */,
				EBE2BA461DF1934C007C4766 /* HomeViewController.swift in Sources */,
				A10C309B1DF15B55006D2F9F /* GeneralRecylables.swift in Sources */,
				EB6267751DEBD13000CC2C37 /* SignupViewController.swift in Sources */,
				EB1831721DF7C2AC0070C128 /* OrderProcessorSubmissionViewController.swift in Sources */,
				A14586B81DF11AD700CAB9F0 /* AlternativeAddressViewController.swift in Sources */,
				EB21B7191DF151DF00F65ECD /* CurrentRecycleOrder.swift in Sources */,
				EBA7EE591DF66A8200515EE1 /* ProcessorTableViewCell.swift in Sources */,
				AF3DF0341DEEAA1B006A399C /* ProfileViewController.swift in Sources */,
				EB80685F1DEFDD36003FCB9B /* CurrentOrderProcessedTableViewCell.swift in Sources */,
				A14DF71D1DF6A47900876D30 /* CategoriesChosen.swift in Sources */,
				AF3706371DED1A0700BF953F /* DriverViewController.swift in Sources */,
				EB80685B1DEFC7D0003FCB9B /* CurrentOrdersViewController.swift in Sources */,
				EB6267611DEBD0D500CC2C37 /* AppDelegate.swift in Sources */,
				EB1831701DF690EE0070C128 /* IconCollectionViewCell.swift in Sources */,
			);
			runOnlyForDeploymentPostprocessing = 0;
		};
/* End PBXSourcesBuildPhase section */

/* Begin PBXVariantGroup section */
		EB6267641DEBD0D600CC2C37 /* Home.storyboard */ = {
			isa = PBXVariantGroup;
			children = (
				EB6267651DEBD0D600CC2C37 /* Base */,
			);
			name = Home.storyboard;
			sourceTree = "<group>";
		};
		EB6267691DEBD0D600CC2C37 /* LaunchScreen.storyboard */ = {
			isa = PBXVariantGroup;
			children = (
				EB62676A1DEBD0D600CC2C37 /* Base */,
			);
			name = LaunchScreen.storyboard;
			sourceTree = "<group>";
		};
/* End PBXVariantGroup section */

/* Begin XCBuildConfiguration section */
		EB62676D1DEBD0D600CC2C37 /* Debug */ = {
			isa = XCBuildConfiguration;
			buildSettings = {
				ALWAYS_SEARCH_USER_PATHS = NO;
				CLANG_ANALYZER_NONNULL = YES;
				CLANG_CXX_LANGUAGE_STANDARD = "gnu++0x";
				CLANG_CXX_LIBRARY = "libc++";
				CLANG_ENABLE_MODULES = YES;
				CLANG_ENABLE_OBJC_ARC = YES;
				CLANG_WARN_BOOL_CONVERSION = YES;
				CLANG_WARN_CONSTANT_CONVERSION = YES;
				CLANG_WARN_DIRECT_OBJC_ISA_USAGE = YES_ERROR;
				CLANG_WARN_DOCUMENTATION_COMMENTS = YES;
				CLANG_WARN_EMPTY_BODY = YES;
				CLANG_WARN_ENUM_CONVERSION = YES;
				CLANG_WARN_INFINITE_RECURSION = YES;
				CLANG_WARN_INT_CONVERSION = YES;
				CLANG_WARN_OBJC_ROOT_CLASS = YES_ERROR;
				CLANG_WARN_SUSPICIOUS_MOVE = YES;
				CLANG_WARN_SUSPICIOUS_MOVES = YES;
				CLANG_WARN_UNREACHABLE_CODE = YES;
				CLANG_WARN__DUPLICATE_METHOD_MATCH = YES;
				"CODE_SIGN_IDENTITY[sdk=iphoneos*]" = "iPhone Developer";
				COPY_PHASE_STRIP = NO;
				DEBUG_INFORMATION_FORMAT = dwarf;
				ENABLE_STRICT_OBJC_MSGSEND = YES;
				ENABLE_TESTABILITY = YES;
				GCC_C_LANGUAGE_STANDARD = gnu99;
				GCC_DYNAMIC_NO_PIC = NO;
				GCC_NO_COMMON_BLOCKS = YES;
				GCC_OPTIMIZATION_LEVEL = 0;
				GCC_PREPROCESSOR_DEFINITIONS = (
					"DEBUG=1",
					"$(inherited)",
				);
				GCC_WARN_64_TO_32_BIT_CONVERSION = YES;
				GCC_WARN_ABOUT_RETURN_TYPE = YES_ERROR;
				GCC_WARN_UNDECLARED_SELECTOR = YES;
				GCC_WARN_UNINITIALIZED_AUTOS = YES_AGGRESSIVE;
				GCC_WARN_UNUSED_FUNCTION = YES;
				GCC_WARN_UNUSED_VARIABLE = YES;
				IPHONEOS_DEPLOYMENT_TARGET = 10.1;
				MTL_ENABLE_DEBUG_INFO = YES;
				ONLY_ACTIVE_ARCH = YES;
				SDKROOT = iphoneos;
				SWIFT_ACTIVE_COMPILATION_CONDITIONS = DEBUG;
				SWIFT_OPTIMIZATION_LEVEL = "-Onone";
				TARGETED_DEVICE_FAMILY = "1,2";
			};
			name = Debug;
		};
		EB62676E1DEBD0D600CC2C37 /* Release */ = {
			isa = XCBuildConfiguration;
			buildSettings = {
				ALWAYS_SEARCH_USER_PATHS = NO;
				CLANG_ANALYZER_NONNULL = YES;
				CLANG_CXX_LANGUAGE_STANDARD = "gnu++0x";
				CLANG_CXX_LIBRARY = "libc++";
				CLANG_ENABLE_MODULES = YES;
				CLANG_ENABLE_OBJC_ARC = YES;
				CLANG_WARN_BOOL_CONVERSION = YES;
				CLANG_WARN_CONSTANT_CONVERSION = YES;
				CLANG_WARN_DIRECT_OBJC_ISA_USAGE = YES_ERROR;
				CLANG_WARN_DOCUMENTATION_COMMENTS = YES;
				CLANG_WARN_EMPTY_BODY = YES;
				CLANG_WARN_ENUM_CONVERSION = YES;
				CLANG_WARN_INFINITE_RECURSION = YES;
				CLANG_WARN_INT_CONVERSION = YES;
				CLANG_WARN_OBJC_ROOT_CLASS = YES_ERROR;
				CLANG_WARN_SUSPICIOUS_MOVE = YES;
				CLANG_WARN_SUSPICIOUS_MOVES = YES;
				CLANG_WARN_UNREACHABLE_CODE = YES;
				CLANG_WARN__DUPLICATE_METHOD_MATCH = YES;
				"CODE_SIGN_IDENTITY[sdk=iphoneos*]" = "iPhone Developer";
				COPY_PHASE_STRIP = NO;
				DEBUG_INFORMATION_FORMAT = "dwarf-with-dsym";
				ENABLE_NS_ASSERTIONS = NO;
				ENABLE_STRICT_OBJC_MSGSEND = YES;
				GCC_C_LANGUAGE_STANDARD = gnu99;
				GCC_NO_COMMON_BLOCKS = YES;
				GCC_WARN_64_TO_32_BIT_CONVERSION = YES;
				GCC_WARN_ABOUT_RETURN_TYPE = YES_ERROR;
				GCC_WARN_UNDECLARED_SELECTOR = YES;
				GCC_WARN_UNINITIALIZED_AUTOS = YES_AGGRESSIVE;
				GCC_WARN_UNUSED_FUNCTION = YES;
				GCC_WARN_UNUSED_VARIABLE = YES;
				IPHONEOS_DEPLOYMENT_TARGET = 10.1;
				MTL_ENABLE_DEBUG_INFO = NO;
				SDKROOT = iphoneos;
				SWIFT_OPTIMIZATION_LEVEL = "-Owholemodule";
				TARGETED_DEVICE_FAMILY = "1,2";
				VALIDATE_PRODUCT = YES;
			};
			name = Release;
		};
		EB6267701DEBD0D600CC2C37 /* Debug */ = {
			isa = XCBuildConfiguration;
			baseConfigurationReference = C259F24EA06BF4DD31BDF919 /* Pods-Project Recycle.debug.xcconfig */;
			buildSettings = {
				ASSETCATALOG_COMPILER_APPICON_NAME = AppIcon;
				INFOPLIST_FILE = "Project Recycle/Info.plist";
				IPHONEOS_DEPLOYMENT_TARGET = 10.0;
				LD_RUNPATH_SEARCH_PATHS = "$(inherited) @executable_path/Frameworks";
				PRODUCT_BUNDLE_IDENTIFIER = "com.yikshenglee.Project-Recycle";
				PRODUCT_NAME = "$(TARGET_NAME)";
				SWIFT_OPTIMIZATION_LEVEL = "-Onone";
				SWIFT_VERSION = 3.0;
			};
			name = Debug;
		};
		EB6267711DEBD0D600CC2C37 /* Release */ = {
			isa = XCBuildConfiguration;
			baseConfigurationReference = 136394DC7A6BD0E1C087E6CB /* Pods-Project Recycle.release.xcconfig */;
			buildSettings = {
				ASSETCATALOG_COMPILER_APPICON_NAME = AppIcon;
				INFOPLIST_FILE = "Project Recycle/Info.plist";
				IPHONEOS_DEPLOYMENT_TARGET = 10.0;
				LD_RUNPATH_SEARCH_PATHS = "$(inherited) @executable_path/Frameworks";
				PRODUCT_BUNDLE_IDENTIFIER = "com.yikshenglee.Project-Recycle";
				PRODUCT_NAME = "$(TARGET_NAME)";
				SWIFT_OPTIMIZATION_LEVEL = "-Onone";
				SWIFT_VERSION = 3.0;
			};
			name = Release;
		};
/* End XCBuildConfiguration section */

/* Begin XCConfigurationList section */
		EB6267581DEBD0D500CC2C37 /* Build configuration list for PBXProject "Project Recycle" */ = {
			isa = XCConfigurationList;
			buildConfigurations = (
				EB62676D1DEBD0D600CC2C37 /* Debug */,
				EB62676E1DEBD0D600CC2C37 /* Release */,
			);
			defaultConfigurationIsVisible = 0;
			defaultConfigurationName = Release;
		};
		EB62676F1DEBD0D600CC2C37 /* Build configuration list for PBXNativeTarget "Project Recycle" */ = {
			isa = XCConfigurationList;
			buildConfigurations = (
				EB6267701DEBD0D600CC2C37 /* Debug */,
				EB6267711DEBD0D600CC2C37 /* Release */,
			);
			defaultConfigurationIsVisible = 0;
			defaultConfigurationName = Release;
		};
/* End XCConfigurationList section */
	};
	rootObject = EB6267551DEBD0D500CC2C37 /* Project object */;
}
